
Microsoft Visual Studio Solution File, Format Version 12.00
# Visual Studio 15
VisualStudioVersion = 15.0.27703.2035
MinimumVisualStudioVersion = 10.0.40219.1
Project("{FAE04EC0-301F-11D3-BF4B-00C04F79EFBC}") = "DailySpecial", "DailySpecial\DailySpecial.csproj", "{6F472EF0-9FE6-47BF-8326-FA83364BCEA7}"
EndProject
Global
	GlobalSection(SolutionConfigurationPlatforms) = preSolution
		Debug|Any CPU = Debug|Any CPU
		Release|Any CPU = Release|Any CPU
	EndGlobalSection
	GlobalSection(ProjectConfigurationPlatforms) = postSolution
		{6F472EF0-9FE6-47BF-8326-FA83364BCEA7}.Debug|Any CPU.ActiveCfg = Debug|Any CPU
		{6F472EF0-9FE6-47BF-8326-FA83364BCEA7}.Debug|Any CPU.Build.0 = Debug|Any CPU
		{6F472EF0-9FE6-47BF-8326-FA83364BCEA7}.Release|Any CPU.ActiveCfg = Release|Any CPU
		{6F472EF0-9FE6-47BF-8326-FA83364BCEA7}.Release|Any CPU.Build.0 = Release|Any CPU
	EndGlobalSection
	GlobalSection(SolutionProperties) = preSolution
		HideSolutionNode = FALSE
	EndGlobalSection
	GlobalSection(ExtensibilityGlobals) = postSolution
		SolutionGuid = {5DBD9D39-4AB1-4B07-AA8F-73D3ADADF19A}
	EndGlobalSection
EndGlobal
