
Microsoft Visual Studio Solution File, Format Version 12.00
# Visual Studio 15
VisualStudioVersion = 15.0.27703.2035
MinimumVisualStudioVersion = 10.0.40219.1
Project("{FAE04EC0-301F-11D3-BF4B-00C04F79EFBC}") = "Twitter", "Twitter\Twitter.csproj", "{8DEAC413-40C7-47C5-812D-73AB492A60CB}"
EndProject
Global
	GlobalSection(SolutionConfigurationPlatforms) = preSolution
		Debug|Any CPU = Debug|Any CPU
		Release|Any CPU = Release|Any CPU
	EndGlobalSection
	GlobalSection(ProjectConfigurationPlatforms) = postSolution
		{8DEAC413-40C7-47C5-812D-73AB492A60CB}.Debug|Any CPU.ActiveCfg = Debug|Any CPU
		{8DEAC413-40C7-47C5-812D-73AB492A60CB}.Debug|Any CPU.Build.0 = Debug|Any CPU
		{8DEAC413-40C7-47C5-812D-73AB492A60CB}.Release|Any CPU.ActiveCfg = Release|Any CPU
		{8DEAC413-40C7-47C5-812D-73AB492A60CB}.Release|Any CPU.Build.0 = Release|Any CPU
	EndGlobalSection
	GlobalSection(SolutionProperties) = preSolution
		HideSolutionNode = FALSE
	EndGlobalSection
	GlobalSection(ExtensibilityGlobals) = postSolution
		SolutionGuid = {79A287D9-3BCB-49EE-B08B-C7E34F27858C}
	EndGlobalSection
EndGlobal
